
Microsoft Visual Studio Solution File, Format Version 12.00
# Visual Studio 15
VisualStudioVersion = 15.0.27703.2042
MinimumVisualStudioVersion = 10.0.40219.1
Project("{FAE04EC0-301F-11D3-BF4B-00C04F79EFBC}") = "LabNumber2", "LabNumber2\LabNumber2.csproj", "{AD929856-CC17-4E8C-96FF-A2678DFE1124}"
EndProject
Global
	GlobalSection(SolutionConfigurationPlatforms) = preSolution
		Debug|Any CPU = Debug|Any CPU
		Release|Any CPU = Release|Any CPU
	EndGlobalSection
	GlobalSection(ProjectConfigurationPlatforms) = postSolution
		{AD929856-CC17-4E8C-96FF-A2678DFE1124}.Debug|Any CPU.ActiveCfg = Debug|Any CPU
		{AD929856-CC17-4E8C-96FF-A2678DFE1124}.Debug|Any CPU.Build.0 = Debug|Any CPU
		{AD929856-CC17-4E8C-96FF-A2678DFE1124}.Release|Any CPU.ActiveCfg = Release|Any CPU
		{AD929856-CC17-4E8C-96FF-A2678DFE1124}.Release|Any CPU.Build.0 = Release|Any CPU
	EndGlobalSection
	GlobalSection(SolutionProperties) = preSolution
		HideSolutionNode = FALSE
	EndGlobalSection
	GlobalSection(ExtensibilityGlobals) = postSolution
		SolutionGuid = {513A5DD6-0414-4BD2-A8E9-3E1587C0FF8D}
	EndGlobalSection
EndGlobal
